
Microsoft Visual Studio Solution File, Format Version 12.00
# Visual Studio Version 17
VisualStudioVersion = 17.11.35222.181
MinimumVisualStudioVersion = 10.0.40219.1
Project("{FAE04EC0-301F-11D3-BF4B-00C04F79EFBC}") = "dmitriyVanchinKt-42-21", "dmitriyVanchinKt-42-21\dmitriyVanchinKt-42-21.csproj", "{EB466249-64D4-4764-8033-6F08D6AD85DA}"
EndProject
Global
	GlobalSection(SolutionConfigurationPlatforms) = preSolution
		Debug|Any CPU = Debug|Any CPU
		Release|Any CPU = Release|Any CPU
	EndGlobalSection
	GlobalSection(ProjectConfigurationPlatforms) = postSolution
		{EB466249-64D4-4764-8033-6F08D6AD85DA}.Debug|Any CPU.ActiveCfg = Debug|Any CPU
		{EB466249-64D4-4764-8033-6F08D6AD85DA}.Debug|Any CPU.Build.0 = Debug|Any CPU
		{EB466249-64D4-4764-8033-6F08D6AD85DA}.Release|Any CPU.ActiveCfg = Release|Any CPU
		{EB466249-64D4-4764-8033-6F08D6AD85DA}.Release|Any CPU.Build.0 = Release|Any CPU
	EndGlobalSection
	GlobalSection(SolutionProperties) = preSolution
		HideSolutionNode = FALSE
	EndGlobalSection
	GlobalSection(ExtensibilityGlobals) = postSolution
		SolutionGuid = {23699D09-5855-476F-8341-5E006762CFD1}
	EndGlobalSection
EndGlobal
